{
  "name": "CODES",
  "lockfileVersion": 2,
  "requires": true,
  "packages": {
    "": {
      "dependencies": {
        "loadash": "^1.0.0",
        "lodash": "^4.17.21",
        "object-mapper": "^6.2.0"
      }
    },
    "node_modules/loadash": {
      "version": "1.0.0",
      "resolved": "https://registry.npmjs.org/loadash/-/loadash-1.0.0.tgz",
      "integrity": "sha512-xlX5HBsXB3KG0FJbJJG/3kYWCfsCyCSus3T+uHVu6QL6YxAdggmm3QeyLgn54N2yi5/UE6xxL5ZWJAAiHzHYEg==",
      "deprecated": "Package is unsupport. Please use the lodash package instead."
    },
    "node_modules/lodash": {
      "version": "4.17.21",
      "resolved": "https://registry.npmjs.org/lodash/-/lodash-4.17.21.tgz",
      "integrity": "sha512-v2kDEe57lecTulaDIuNTPy3Ry4gLGJ6Z1O3vE1krgXZNrsQ+LFTGHVxVjcXPs17LhbZVGedAJv8XZ1tvj5FvSg=="
    },
    "node_modules/object-mapper": {
      "version": "6.2.0",
      "resolved": "https://registry.npmjs.org/object-mapper/-/object-mapper-6.2.0.tgz",
      "integrity": "sha512-kGa23lcUwnTbT0W2GqRipoiPax734TbXVTUF3vaWlAXY5baMQES323B9NHJODvxhn9sVMZmzeenD74PnCZZuHA==",
      "engines": {
        "node": ">=6.0.0"
      }
    }
  },
  "dependencies": {
    "loadash": {
      "version": "1.0.0",
      "resolved": "https://registry.npmjs.org/loadash/-/loadash-1.0.0.tgz",
      "integrity": "sha512-xlX5HBsXB3KG0FJbJJG/3kYWCfsCyCSus3T+uHVu6QL6YxAdggmm3QeyLgn54N2yi5/UE6xxL5ZWJAAiHzHYEg=="
    },
    "lodash": {
      "version": "4.17.21",
      "resolved": "https://registry.npmjs.org/lodash/-/lodash-4.17.21.tgz",
      "integrity": "sha512-v2kDEe57lecTulaDIuNTPy3Ry4gLGJ6Z1O3vE1krgXZNrsQ+LFTGHVxVjcXPs17LhbZVGedAJv8XZ1tvj5FvSg=="
    },
    "object-mapper": {
      "version": "6.2.0",
      "resolved": "https://registry.npmjs.org/object-mapper/-/object-mapper-6.2.0.tgz",
      "integrity": "sha512-kGa23lcUwnTbT0W2GqRipoiPax734TbXVTUF3vaWlAXY5baMQES323B9NHJODvxhn9sVMZmzeenD74PnCZZuHA=="
    }
  }
}
